
Microsoft Visual Studio Solution File, Format Version 12.00
# Visual Studio Version 17
VisualStudioVersion = 17.14.36301.6 d17.14
MinimumVisualStudioVersion = 10.0.40219.1
Project("{FAE04EC0-301F-11D3-BF4B-00C04F79EFBC}") = "MyPortfolioProject", "MyPortfolioProject\MyPortfolioProject.csproj", "{070619E7-9D46-4A08-AE8A-8A72E2046C86}"
EndProject
Global
	GlobalSection(SolutionConfigurationPlatforms) = preSolution
		Debug|Any CPU = Debug|Any CPU
		Release|Any CPU = Release|Any CPU
	EndGlobalSection
	GlobalSection(ProjectConfigurationPlatforms) = postSolution
		{070619E7-9D46-4A08-AE8A-8A72E2046C86}.Debug|Any CPU.ActiveCfg = Debug|Any CPU
		{070619E7-9D46-4A08-AE8A-8A72E2046C86}.Debug|Any CPU.Build.0 = Debug|Any CPU
		{070619E7-9D46-4A08-AE8A-8A72E2046C86}.Release|Any CPU.ActiveCfg = Release|Any CPU
		{070619E7-9D46-4A08-AE8A-8A72E2046C86}.Release|Any CPU.Build.0 = Release|Any CPU
	EndGlobalSection
	GlobalSection(SolutionProperties) = preSolution
		HideSolutionNode = FALSE
	EndGlobalSection
	GlobalSection(ExtensibilityGlobals) = postSolution
		SolutionGuid = {E846AA90-DCDE-4958-B846-2F0FC1DBD001}
	EndGlobalSection
EndGlobal
